
Microsoft Visual Studio Solution File, Format Version 12.00
# Visual Studio Version 16
VisualStudioVersion = 16.0.30804.86
MinimumVisualStudioVersion = 10.0.40219.1
Project("{9A19103F-16F7-4668-BE54-9A1E7A4F7556}") = "Weekday", "Weekday\Weekday.csproj", "{0E4BD78B-5914-4C63-A48E-841632636636}"
EndProject
Project("{FAE04EC0-301F-11D3-BF4B-00C04F79EFBC}") = "Weekday.Data", "Weekday.Data\Weekday.Data.csproj", "{D0F50364-EE38-430A-BB96-7271B02C73D8}"
EndProject
Project("{FAE04EC0-301F-11D3-BF4B-00C04F79EFBC}") = "Weekday.UnitTests", "Weekday.UnitTests\Weekday.UnitTests.csproj", "{BDFF3D4D-86C9-4623-980F-A50DB3947324}"
EndProject
Global
	GlobalSection(SolutionConfigurationPlatforms) = preSolution
		Debug|Any CPU = Debug|Any CPU
		Release|Any CPU = Release|Any CPU
	EndGlobalSection
	GlobalSection(ProjectConfigurationPlatforms) = postSolution
		{0E4BD78B-5914-4C63-A48E-841632636636}.Debug|Any CPU.ActiveCfg = Debug|Any CPU
		{0E4BD78B-5914-4C63-A48E-841632636636}.Debug|Any CPU.Build.0 = Debug|Any CPU
		{0E4BD78B-5914-4C63-A48E-841632636636}.Release|Any CPU.ActiveCfg = Release|Any CPU
		{0E4BD78B-5914-4C63-A48E-841632636636}.Release|Any CPU.Build.0 = Release|Any CPU
		{D0F50364-EE38-430A-BB96-7271B02C73D8}.Debug|Any CPU.ActiveCfg = Debug|Any CPU
		{D0F50364-EE38-430A-BB96-7271B02C73D8}.Debug|Any CPU.Build.0 = Debug|Any CPU
		{D0F50364-EE38-430A-BB96-7271B02C73D8}.Release|Any CPU.ActiveCfg = Release|Any CPU
		{D0F50364-EE38-430A-BB96-7271B02C73D8}.Release|Any CPU.Build.0 = Release|Any CPU
		{BDFF3D4D-86C9-4623-980F-A50DB3947324}.Debug|Any CPU.ActiveCfg = Debug|Any CPU
		{BDFF3D4D-86C9-4623-980F-A50DB3947324}.Debug|Any CPU.Build.0 = Debug|Any CPU
		{BDFF3D4D-86C9-4623-980F-A50DB3947324}.Release|Any CPU.ActiveCfg = Release|Any CPU
		{BDFF3D4D-86C9-4623-980F-A50DB3947324}.Release|Any CPU.Build.0 = Release|Any CPU
	EndGlobalSection
	GlobalSection(SolutionProperties) = preSolution
		HideSolutionNode = FALSE
	EndGlobalSection
	GlobalSection(ExtensibilityGlobals) = postSolution
		SolutionGuid = {645AF54F-BE51-462E-B92F-041C1E675FED}
	EndGlobalSection
EndGlobal
